
Microsoft Visual Studio Solution File, Format Version 12.00
# Visual Studio Version 16
VisualStudioVersion = 16.0.29709.97
MinimumVisualStudioVersion = 10.0.40219.1
Project("{FAE04EC0-301F-11D3-BF4B-00C04F79EFBC}") = "MVCnSQLPractice", "MVCnSQLPractice\MVCnSQLPractice.csproj", "{B53F0EDA-1D3E-4000-8B5B-6203887392EF}"
EndProject
Global
	GlobalSection(SolutionConfigurationPlatforms) = preSolution
		Debug|Any CPU = Debug|Any CPU
		Release|Any CPU = Release|Any CPU
	EndGlobalSection
	GlobalSection(ProjectConfigurationPlatforms) = postSolution
		{B53F0EDA-1D3E-4000-8B5B-6203887392EF}.Debug|Any CPU.ActiveCfg = Debug|Any CPU
		{B53F0EDA-1D3E-4000-8B5B-6203887392EF}.Debug|Any CPU.Build.0 = Debug|Any CPU
		{B53F0EDA-1D3E-4000-8B5B-6203887392EF}.Release|Any CPU.ActiveCfg = Release|Any CPU
		{B53F0EDA-1D3E-4000-8B5B-6203887392EF}.Release|Any CPU.Build.0 = Release|Any CPU
	EndGlobalSection
	GlobalSection(SolutionProperties) = preSolution
		HideSolutionNode = FALSE
	EndGlobalSection
	GlobalSection(ExtensibilityGlobals) = postSolution
		SolutionGuid = {BBED501D-0932-4898-9D1F-D2F99BEFBF2E}
	EndGlobalSection
EndGlobal
